// !$*UTF8*$!
{
	archiveVersion = 1;
	classes = {
	};
	objectVersion = 55;
	objects = {

/* Begin PBXBuildFile section */
		FFF6C6C4289D1E0E0022C3FD /* LandmarksApp.swift in Sources */ = {isa = PBXBuildFile; fileRef = FFF6C6C3289D1E0E0022C3FD /* LandmarksApp.swift */; };
		FFF6C6C6289D1E0E0022C3FD /* ContentView.swift in Sources */ = {isa = PBXBuildFile; fileRef = FFF6C6C5289D1E0E0022C3FD /* ContentView.swift */; };
		FFF6C6C8289D1E100022C3FD /* Assets.xcassets in Resources */ = {isa = PBXBuildFile; fileRef = FFF6C6C7289D1E100022C3FD /* Assets.xcassets */; };
		FFF6C6CB289D1E100022C3FD /* Preview Assets.xcassets in Resources */ = {isa = PBXBuildFile; fileRef = FFF6C6CA289D1E100022C3FD /* Preview Assets.xcassets */; };
		FFF6C6D2289D25400022C3FD /* CircleImage.swift in Sources */ = {isa = PBXBuildFile; fileRef = FFF6C6D1289D25400022C3FD /* CircleImage.swift */; };
		FFF6C6D4289D26DC0022C3FD /* MapView.swift in Sources */ = {isa = PBXBuildFile; fileRef = FFF6C6D3289D26DC0022C3FD /* MapView.swift */; };
		FFF6C6D6289D4EE90022C3FD /* landmarkData.json in Resources */ = {isa = PBXBuildFile; fileRef = FFF6C6D5289D4EE90022C3FD /* landmarkData.json */; };
		FFF6C6D8289D4F250022C3FD /* Landmark.swift in Sources */ = {isa = PBXBuildFile; fileRef = FFF6C6D7289D4F250022C3FD /* Landmark.swift */; };
		FFF6C6DA289D517E0022C3FD /* ModelData.swift in Sources */ = {isa = PBXBuildFile; fileRef = FFF6C6D9289D517E0022C3FD /* ModelData.swift */; };
		FFF6C6E0289D556F0022C3FD /* LandmarkRow.swift in Sources */ = {isa = PBXBuildFile; fileRef = FFF6C6DF289D556F0022C3FD /* LandmarkRow.swift */; };
		FFF6C70028A128990022C3FD /* LandmarkList.swift in Sources */ = {isa = PBXBuildFile; fileRef = FFF6C6FF28A128980022C3FD /* LandmarkList.swift */; };
		FFF6C70228A12C070022C3FD /* LandmarkDetails.swift in Sources */ = {isa = PBXBuildFile; fileRef = FFF6C70128A12C070022C3FD /* LandmarkDetails.swift */; };
		FFF6C70428A14BA90022C3FD /* FavoriteButton.swift in Sources */ = {isa = PBXBuildFile; fileRef = FFF6C70328A14BA90022C3FD /* FavoriteButton.swift */; };
		FFF6C70828A225C90022C3FD /* HexagonParameters.swift in Sources */ = {isa = PBXBuildFile; fileRef = FFF6C70728A225C90022C3FD /* HexagonParameters.swift */; };
		FFF6C70A28A22A470022C3FD /* BadgeBackground.swift in Sources */ = {isa = PBXBuildFile; fileRef = FFF6C70928A22A470022C3FD /* BadgeBackground.swift */; };
		FFF6C70C28A26FA50022C3FD /* BadgeSymbol.swift in Sources */ = {isa = PBXBuildFile; fileRef = FFF6C70B28A26FA50022C3FD /* BadgeSymbol.swift */; };
		FFF6C70E28A2732C0022C3FD /* RotatedBadgeSymbol.swift in Sources */ = {isa = PBXBuildFile; fileRef = FFF6C70D28A2732C0022C3FD /* RotatedBadgeSymbol.swift */; };
		FFF6C71028A27B060022C3FD /* Badge.swift in Sources */ = {isa = PBXBuildFile; fileRef = FFF6C70F28A27B060022C3FD /* Badge.swift */; };
		FFF6C71528A280AB0022C3FD /* Hike.swift in Sources */ = {isa = PBXBuildFile; fileRef = FFF6C71428A280AB0022C3FD /* Hike.swift */; };
		FFF6C72628A2889C0022C3FD /* hikeData.json in Resources */ = {isa = PBXBuildFile; fileRef = FFF6C72528A2889C0022C3FD /* hikeData.json */; };
		FFF6C72928A288BA0022C3FD /* GraphCapsule.swift in Sources */ = {isa = PBXBuildFile; fileRef = FFF6C72828A288BA0022C3FD /* GraphCapsule.swift */; };
		FFF6C72B28A288BF0022C3FD /* HikeDetail.swift in Sources */ = {isa = PBXBuildFile; fileRef = FFF6C72A28A288BF0022C3FD /* HikeDetail.swift */; };
		FFF6C72D28A288C40022C3FD /* HikeGraph.swift in Sources */ = {isa = PBXBuildFile; fileRef = FFF6C72C28A288C40022C3FD /* HikeGraph.swift */; };
		FFF6C72F28A288C80022C3FD /* HikeView.swift in Sources */ = {isa = PBXBuildFile; fileRef = FFF6C72E28A288C80022C3FD /* HikeView.swift */; };
		FFF6C73228A29C500022C3FD /* CategoryHome.swift in Sources */ = {isa = PBXBuildFile; fileRef = FFF6C73128A29C500022C3FD /* CategoryHome.swift */; };
		FFF6C73428A2A00B0022C3FD /* CategoryRow.swift in Sources */ = {isa = PBXBuildFile; fileRef = FFF6C73328A2A00B0022C3FD /* CategoryRow.swift */; };
		FFF6C73628A2A17E0022C3FD /* CategoryItem.swift in Sources */ = {isa = PBXBuildFile; fileRef = FFF6C73528A2A17E0022C3FD /* CategoryItem.swift */; };
		FFF6C73828A2ADA30022C3FD /* Profile.swift in Sources */ = {isa = PBXBuildFile; fileRef = FFF6C73728A2ADA30022C3FD /* Profile.swift */; };
		FFF6C73B28A2AF3F0022C3FD /* ProfileHost.swift in Sources */ = {isa = PBXBuildFile; fileRef = FFF6C73A28A2AF3F0022C3FD /* ProfileHost.swift */; };
		FFF6C73D28A2AFC50022C3FD /* ProfileSummary.swift in Sources */ = {isa = PBXBuildFile; fileRef = FFF6C73C28A2AFC50022C3FD /* ProfileSummary.swift */; };
		FFF6C73F28A2B0F80022C3FD /* HikeBadge.swift in Sources */ = {isa = PBXBuildFile; fileRef = FFF6C73E28A2B0F80022C3FD /* HikeBadge.swift */; };
		FFF6C74128A39C100022C3FD /* ProfileEditor.swift in Sources */ = {isa = PBXBuildFile; fileRef = FFF6C74028A39C0F0022C3FD /* ProfileEditor.swift */; };
/* End PBXBuildFile section */

/* Begin PBXFileReference section */
		FFF6C6C0289D1E0E0022C3FD /* Landmarks.app */ = {isa = PBXFileReference; explicitFileType = wrapper.application; includeInIndex = 0; path = Landmarks.app; sourceTree = BUILT_PRODUCTS_DIR; };
		FFF6C6C3289D1E0E0022C3FD /* LandmarksApp.swift */ = {isa = PBXFileReference; lastKnownFileType = sourcecode.swift; path = LandmarksApp.swift; sourceTree = "<group>"; };
		FFF6C6C5289D1E0E0022C3FD /* ContentView.swift */ = {isa = PBXFileReference; lastKnownFileType = sourcecode.swift; path = ContentView.swift; sourceTree = "<group>"; };
		FFF6C6C7289D1E100022C3FD /* Assets.xcassets */ = {isa = PBXFileReference; lastKnownFileType = folder.assetcatalog; path = Assets.xcassets; sourceTree = "<group>"; };
		FFF6C6CA289D1E100022C3FD /* Preview Assets.xcassets */ = {isa = PBXFileReference; lastKnownFileType = folder.assetcatalog; path = "Preview Assets.xcassets"; sourceTree = "<group>"; };
		FFF6C6D1289D25400022C3FD /* CircleImage.swift */ = {isa = PBXFileReference; lastKnownFileType = sourcecode.swift; path = CircleImage.swift; sourceTree = "<group>"; };
		FFF6C6D3289D26DC0022C3FD /* MapView.swift */ = {isa = PBXFileReference; lastKnownFileType = sourcecode.swift; path = MapView.swift; sourceTree = "<group>"; };
		FFF6C6D5289D4EE90022C3FD /* landmarkData.json */ = {isa = PBXFileReference; fileEncoding = 4; lastKnownFileType = text.json; path = landmarkData.json; sourceTree = "<group>"; };
		FFF6C6D7289D4F250022C3FD /* Landmark.swift */ = {isa = PBXFileReference; lastKnownFileType = sourcecode.swift; path = Landmark.swift; sourceTree = "<group>"; };
		FFF6C6D9289D517E0022C3FD /* ModelData.swift */ = {isa = PBXFileReference; lastKnownFileType = sourcecode.swift; path = ModelData.swift; sourceTree = "<group>"; };
		FFF6C6DF289D556F0022C3FD /* LandmarkRow.swift */ = {isa = PBXFileReference; lastKnownFileType = sourcecode.swift; path = LandmarkRow.swift; sourceTree = "<group>"; };
		FFF6C6FF28A128980022C3FD /* LandmarkList.swift */ = {isa = PBXFileReference; lastKnownFileType = sourcecode.swift; path = LandmarkList.swift; sourceTree = "<group>"; };
		FFF6C70128A12C070022C3FD /* LandmarkDetails.swift */ = {isa = PBXFileReference; lastKnownFileType = sourcecode.swift; path = LandmarkDetails.swift; sourceTree = "<group>"; };
		FFF6C70328A14BA90022C3FD /* FavoriteButton.swift */ = {isa = PBXFileReference; lastKnownFileType = sourcecode.swift; path = FavoriteButton.swift; sourceTree = "<group>"; };
		FFF6C70728A225C90022C3FD /* HexagonParameters.swift */ = {isa = PBXFileReference; lastKnownFileType = sourcecode.swift; path = HexagonParameters.swift; sourceTree = "<group>"; };
		FFF6C70928A22A470022C3FD /* BadgeBackground.swift */ = {isa = PBXFileReference; lastKnownFileType = sourcecode.swift; path = BadgeBackground.swift; sourceTree = "<group>"; };
		FFF6C70B28A26FA50022C3FD /* BadgeSymbol.swift */ = {isa = PBXFileReference; lastKnownFileType = sourcecode.swift; path = BadgeSymbol.swift; sourceTree = "<group>"; };
		FFF6C70D28A2732C0022C3FD /* RotatedBadgeSymbol.swift */ = {isa = PBXFileReference; lastKnownFileType = sourcecode.swift; path = RotatedBadgeSymbol.swift; sourceTree = "<group>"; };
		FFF6C70F28A27B060022C3FD /* Badge.swift */ = {isa = PBXFileReference; lastKnownFileType = sourcecode.swift; path = Badge.swift; sourceTree = "<group>"; };
		FFF6C71428A280AB0022C3FD /* Hike.swift */ = {isa = PBXFileReference; lastKnownFileType = sourcecode.swift; path = Hike.swift; sourceTree = "<group>"; };
		FFF6C72528A2889C0022C3FD /* hikeData.json */ = {isa = PBXFileReference; fileEncoding = 4; lastKnownFileType = text.json; path = hikeData.json; sourceTree = "<group>"; };
		FFF6C72828A288BA0022C3FD /* GraphCapsule.swift */ = {isa = PBXFileReference; fileEncoding = 4; lastKnownFileType = sourcecode.swift; path = GraphCapsule.swift; sourceTree = "<group>"; };
		FFF6C72A28A288BF0022C3FD /* HikeDetail.swift */ = {isa = PBXFileReference; fileEncoding = 4; lastKnownFileType = sourcecode.swift; path = HikeDetail.swift; sourceTree = "<group>"; };
		FFF6C72C28A288C40022C3FD /* HikeGraph.swift */ = {isa = PBXFileReference; fileEncoding = 4; lastKnownFileType = sourcecode.swift; path = HikeGraph.swift; sourceTree = "<group>"; };
		FFF6C72E28A288C80022C3FD /* HikeView.swift */ = {isa = PBXFileReference; fileEncoding = 4; lastKnownFileType = sourcecode.swift; path = HikeView.swift; sourceTree = "<group>"; };
		FFF6C73128A29C500022C3FD /* CategoryHome.swift */ = {isa = PBXFileReference; lastKnownFileType = sourcecode.swift; path = CategoryHome.swift; sourceTree = "<group>"; };
		FFF6C73328A2A00B0022C3FD /* CategoryRow.swift */ = {isa = PBXFileReference; lastKnownFileType = sourcecode.swift; path = CategoryRow.swift; sourceTree = "<group>"; };
		FFF6C73528A2A17E0022C3FD /* CategoryItem.swift */ = {isa = PBXFileReference; lastKnownFileType = sourcecode.swift; path = CategoryItem.swift; sourceTree = "<group>"; };
		FFF6C73728A2ADA30022C3FD /* Profile.swift */ = {isa = PBXFileReference; lastKnownFileType = sourcecode.swift; path = Profile.swift; sourceTree = "<group>"; };
		FFF6C73A28A2AF3F0022C3FD /* ProfileHost.swift */ = {isa = PBXFileReference; lastKnownFileType = sourcecode.swift; path = ProfileHost.swift; sourceTree = "<group>"; };
		FFF6C73C28A2AFC50022C3FD /* ProfileSummary.swift */ = {isa = PBXFileReference; lastKnownFileType = sourcecode.swift; path = ProfileSummary.swift; sourceTree = "<group>"; };
		FFF6C73E28A2B0F80022C3FD /* HikeBadge.swift */ = {isa = PBXFileReference; lastKnownFileType = sourcecode.swift; path = HikeBadge.swift; sourceTree = "<group>"; };
		FFF6C74028A39C0F0022C3FD /* ProfileEditor.swift */ = {isa = PBXFileReference; lastKnownFileType = sourcecode.swift; path = ProfileEditor.swift; sourceTree = "<group>"; };
/* End PBXFileReference section */

/* Begin PBXFrameworksBuildPhase section */
		FFF6C6BD289D1E0E0022C3FD /* Frameworks */ = {
			isa = PBXFrameworksBuildPhase;
			buildActionMask = 2147483647;
			files = (
			);
			runOnlyForDeploymentPostprocessing = 0;
		};
/* End PBXFrameworksBuildPhase section */

/* Begin PBXGroup section */
		FFF6C6B7289D1E0D0022C3FD = {
			isa = PBXGroup;
			children = (
				FFF6C6C2289D1E0E0022C3FD /* Landmarks */,
				FFF6C6C1289D1E0E0022C3FD /* Products */,
			);
			sourceTree = "<group>";
		};
		FFF6C6C1289D1E0E0022C3FD /* Products */ = {
			isa = PBXGroup;
			children = (
				FFF6C6C0289D1E0E0022C3FD /* Landmarks.app */,
			);
			name = Products;
			sourceTree = "<group>";
		};
		FFF6C6C2289D1E0E0022C3FD /* Landmarks */ = {
			isa = PBXGroup;
			children = (
				FFF6C6DB289D53410022C3FD /* Views */,
				FFF6C73928A2AF220022C3FD /* Profiles */,
				FFF6C6DC289D53570022C3FD /* Model */,
				FFF6C6DE289D53830022C3FD /* Resources */,
				FFF6C6C7289D1E100022C3FD /* Assets.xcassets */,
				FFF6C6C3289D1E0E0022C3FD /* LandmarksApp.swift */,
				FFF6C6C9289D1E100022C3FD /* Preview Content */,
			);
			path = Landmarks;
			sourceTree = "<group>";
		};
		FFF6C6C9289D1E100022C3FD /* Preview Content */ = {
			isa = PBXGroup;
			children = (
				FFF6C6CA289D1E100022C3FD /* Preview Assets.xcassets */,
			);
			path = "Preview Content";
			sourceTree = "<group>";
		};
		FFF6C6DB289D53410022C3FD /* Views */ = {
			isa = PBXGroup;
			children = (
				FFF6C73028A29C380022C3FD /* Categories */,
				FFF6C72728A288AA0022C3FD /* Hikes */,
				FFF6C70528A14CAD0022C3FD /* Helpers */,
				FFF6C70628A14CD50022C3FD /* Landmarks */,
				FFF6C71128A27D3D0022C3FD /* Badges */,
				FFF6C6C5289D1E0E0022C3FD /* ContentView.swift */,
			);
			path = Views;
			sourceTree = "<group>";
		};
		FFF6C6DC289D53570022C3FD /* Model */ = {
			isa = PBXGroup;
			children = (
				FFF6C73728A2ADA30022C3FD /* Profile.swift */,
				FFF6C6D9289D517E0022C3FD /* ModelData.swift */,
				FFF6C6D7289D4F250022C3FD /* Landmark.swift */,
				FFF6C71428A280AB0022C3FD /* Hike.swift */,
			);
			path = Model;
			sourceTree = "<group>";
		};
		FFF6C6DE289D53830022C3FD /* Resources */ = {
			isa = PBXGroup;
			children = (
				FFF6C72528A2889C0022C3FD /* hikeData.json */,
				FFF6C6D5289D4EE90022C3FD /* landmarkData.json */,
			);
			path = Resources;
			sourceTree = "<group>";
		};
		FFF6C70528A14CAD0022C3FD /* Helpers */ = {
			isa = PBXGroup;
			children = (
				FFF6C6D1289D25400022C3FD /* CircleImage.swift */,
				FFF6C6D3289D26DC0022C3FD /* MapView.swift */,
				FFF6C70328A14BA90022C3FD /* FavoriteButton.swift */,
			);
			path = Helpers;
			sourceTree = "<group>";
		};
		FFF6C70628A14CD50022C3FD /* Landmarks */ = {
			isa = PBXGroup;
			children = (
				FFF6C6DF289D556F0022C3FD /* LandmarkRow.swift */,
				FFF6C6FF28A128980022C3FD /* LandmarkList.swift */,
				FFF6C70128A12C070022C3FD /* LandmarkDetails.swift */,
			);
			path = Landmarks;
			sourceTree = "<group>";
		};
		FFF6C71128A27D3D0022C3FD /* Badges */ = {
			isa = PBXGroup;
			children = (
				FFF6C70728A225C90022C3FD /* HexagonParameters.swift */,
				FFF6C70F28A27B060022C3FD /* Badge.swift */,
				FFF6C70928A22A470022C3FD /* BadgeBackground.swift */,
				FFF6C70B28A26FA50022C3FD /* BadgeSymbol.swift */,
				FFF6C70D28A2732C0022C3FD /* RotatedBadgeSymbol.swift */,
			);
			path = Badges;
			sourceTree = "<group>";
		};
		FFF6C72728A288AA0022C3FD /* Hikes */ = {
			isa = PBXGroup;
			children = (
				FFF6C73E28A2B0F80022C3FD /* HikeBadge.swift */,
				FFF6C72828A288BA0022C3FD /* GraphCapsule.swift */,
				FFF6C72A28A288BF0022C3FD /* HikeDetail.swift */,
				FFF6C72C28A288C40022C3FD /* HikeGraph.swift */,
				FFF6C72E28A288C80022C3FD /* HikeView.swift */,
			);
			path = Hikes;
			sourceTree = "<group>";
		};
		FFF6C73028A29C380022C3FD /* Categories */ = {
			isa = PBXGroup;
			children = (
				FFF6C73128A29C500022C3FD /* CategoryHome.swift */,
				FFF6C73328A2A00B0022C3FD /* CategoryRow.swift */,
				FFF6C73528A2A17E0022C3FD /* CategoryItem.swift */,
			);
			path = Categories;
			sourceTree = "<group>";
		};
		FFF6C73928A2AF220022C3FD /* Profiles */ = {
			isa = PBXGroup;
			children = (
				FFF6C73A28A2AF3F0022C3FD /* ProfileHost.swift */,
				FFF6C73C28A2AFC50022C3FD /* ProfileSummary.swift */,
				FFF6C74028A39C0F0022C3FD /* ProfileEditor.swift */,
			);
			path = Profiles;
			sourceTree = "<group>";
		};
/* End PBXGroup section */

/* Begin PBXNativeTarget section */
		FFF6C6BF289D1E0E0022C3FD /* Landmarks */ = {
			isa = PBXNativeTarget;
			buildConfigurationList = FFF6C6CE289D1E100022C3FD /* Build configuration list for PBXNativeTarget "Landmarks" */;
			buildPhases = (
				FFF6C6BC289D1E0E0022C3FD /* Sources */,
				FFF6C6BD289D1E0E0022C3FD /* Frameworks */,
				FFF6C6BE289D1E0E0022C3FD /* Resources */,
			);
			buildRules = (
			);
			dependencies = (
			);
			name = Landmarks;
			productName = Landmarks;
			productReference = FFF6C6C0289D1E0E0022C3FD /* Landmarks.app */;
			productType = "com.apple.product-type.application";
		};
/* End PBXNativeTarget section */

/* Begin PBXProject section */
		FFF6C6B8289D1E0D0022C3FD /* Project object */ = {
			isa = PBXProject;
			attributes = {
				BuildIndependentTargetsInParallel = 1;
				LastSwiftUpdateCheck = 1340;
				LastUpgradeCheck = 1340;
				TargetAttributes = {
					FFF6C6BF289D1E0E0022C3FD = {
						CreatedOnToolsVersion = 13.4.1;
					};
				};
			};
			buildConfigurationList = FFF6C6BB289D1E0E0022C3FD /* Build configuration list for PBXProject "Landmarks" */;
			compatibilityVersion = "Xcode 13.0";
			developmentRegion = en;
			hasScannedForEncodings = 0;
			knownRegions = (
				en,
				Base,
			);
			mainGroup = FFF6C6B7289D1E0D0022C3FD;
			productRefGroup = FFF6C6C1289D1E0E0022C3FD /* Products */;
			projectDirPath = "";
			projectRoot = "";
			targets = (
				FFF6C6BF289D1E0E0022C3FD /* Landmarks */,
			);
		};
/* End PBXProject section */

/* Begin PBXResourcesBuildPhase section */
		FFF6C6BE289D1E0E0022C3FD /* Resources */ = {
			isa = PBXResourcesBuildPhase;
			buildActionMask = 2147483647;
			files = (
				FFF6C72628A2889C0022C3FD /* hikeData.json in Resources */,
				FFF6C6CB289D1E100022C3FD /* Preview Assets.xcassets in Resources */,
				FFF6C6C8289D1E100022C3FD /* Assets.xcassets in Resources */,
				FFF6C6D6289D4EE90022C3FD /* landmarkData.json in Resources */,
			);
			runOnlyForDeploymentPostprocessing = 0;
		};
/* End PBXResourcesBuildPhase section */

/* Begin PBXSourcesBuildPhase section */
		FFF6C6BC289D1E0E0022C3FD /* Sources */ = {
			isa = PBXSourcesBuildPhase;
			buildActionMask = 2147483647;
			files = (
				FFF6C73428A2A00B0022C3FD /* CategoryRow.swift in Sources */,
				FFF6C73828A2ADA30022C3FD /* Profile.swift in Sources */,
				FFF6C6C6289D1E0E0022C3FD /* ContentView.swift in Sources */,
				FFF6C73228A29C500022C3FD /* CategoryHome.swift in Sources */,
				FFF6C71028A27B060022C3FD /* Badge.swift in Sources */,
				FFF6C6D4289D26DC0022C3FD /* MapView.swift in Sources */,
				FFF6C72928A288BA0022C3FD /* GraphCapsule.swift in Sources */,
				FFF6C72D28A288C40022C3FD /* HikeGraph.swift in Sources */,
				FFF6C6C4289D1E0E0022C3FD /* LandmarksApp.swift in Sources */,
				FFF6C70428A14BA90022C3FD /* FavoriteButton.swift in Sources */,
				FFF6C73628A2A17E0022C3FD /* CategoryItem.swift in Sources */,
				FFF6C70828A225C90022C3FD /* HexagonParameters.swift in Sources */,
				FFF6C73D28A2AFC50022C3FD /* ProfileSummary.swift in Sources */,
				FFF6C71528A280AB0022C3FD /* Hike.swift in Sources */,
				FFF6C73B28A2AF3F0022C3FD /* ProfileHost.swift in Sources */,
				FFF6C70028A128990022C3FD /* LandmarkList.swift in Sources */,
				FFF6C6D2289D25400022C3FD /* CircleImage.swift in Sources */,
				FFF6C70A28A22A470022C3FD /* BadgeBackground.swift in Sources */,
				FFF6C74128A39C100022C3FD /* ProfileEditor.swift in Sources */,
				FFF6C72B28A288BF0022C3FD /* HikeDetail.swift in Sources */,
				FFF6C72F28A288C80022C3FD /* HikeView.swift in Sources */,
				FFF6C6D8289D4F250022C3FD /* Landmark.swift in Sources */,
				FFF6C6E0289D556F0022C3FD /* LandmarkRow.swift in Sources */,
				FFF6C73F28A2B0F80022C3FD /* HikeBadge.swift in Sources */,
				FFF6C6DA289D517E0022C3FD /* ModelData.swift in Sources */,
				FFF6C70C28A26FA50022C3FD /* BadgeSymbol.swift in Sources */,
				FFF6C70E28A2732C0022C3FD /* RotatedBadgeSymbol.swift in Sources */,
				FFF6C70228A12C070022C3FD /* LandmarkDetails.swift in Sources */,
			);
			runOnlyForDeploymentPostprocessing = 0;
		};
/* End PBXSourcesBuildPhase section */

/* Begin XCBuildConfiguration section */
		FFF6C6CC289D1E100022C3FD /* Debug */ = {
			isa = XCBuildConfiguration;
			buildSettings = {
				ALWAYS_SEARCH_USER_PATHS = NO;
				CLANG_ANALYZER_NONNULL = YES;
				CLANG_ANALYZER_NUMBER_OBJECT_CONVERSION = YES_AGGRESSIVE;
				CLANG_CXX_LANGUAGE_STANDARD = "gnu++17";
				CLANG_ENABLE_MODULES = YES;
				CLANG_ENABLE_OBJC_ARC = YES;
				CLANG_ENABLE_OBJC_WEAK = YES;
				CLANG_WARN_BLOCK_CAPTURE_AUTORELEASING = YES;
				CLANG_WARN_BOOL_CONVERSION = YES;
				CLANG_WARN_COMMA = YES;
				CLANG_WARN_CONSTANT_CONVERSION = YES;
				CLANG_WARN_DEPRECATED_OBJC_IMPLEMENTATIONS = YES;
				CLANG_WARN_DIRECT_OBJC_ISA_USAGE = YES_ERROR;
				CLANG_WARN_DOCUMENTATION_COMMENTS = YES;
				CLANG_WARN_EMPTY_BODY = YES;
				CLANG_WARN_ENUM_CONVERSION = YES;
				CLANG_WARN_INFINITE_RECURSION = YES;
				CLANG_WARN_INT_CONVERSION = YES;
				CLANG_WARN_NON_LITERAL_NULL_CONVERSION = YES;
				CLANG_WARN_OBJC_IMPLICIT_RETAIN_SELF = YES;
				CLANG_WARN_OBJC_LITERAL_CONVERSION = YES;
				CLANG_WARN_OBJC_ROOT_CLASS = YES_ERROR;
				CLANG_WARN_QUOTED_INCLUDE_IN_FRAMEWORK_HEADER = YES;
				CLANG_WARN_RANGE_LOOP_ANALYSIS = YES;
				CLANG_WARN_STRICT_PROTOTYPES = YES;
				CLANG_WARN_SUSPICIOUS_MOVE = YES;
				CLANG_WARN_UNGUARDED_AVAILABILITY = YES_AGGRESSIVE;
				CLANG_WARN_UNREACHABLE_CODE = YES;
				CLANG_WARN__DUPLICATE_METHOD_MATCH = YES;
				COPY_PHASE_STRIP = NO;
				DEBUG_INFORMATION_FORMAT = dwarf;
				ENABLE_STRICT_OBJC_MSGSEND = YES;
				ENABLE_TESTABILITY = YES;
				GCC_C_LANGUAGE_STANDARD = gnu11;
				GCC_DYNAMIC_NO_PIC = NO;
				GCC_NO_COMMON_BLOCKS = YES;
				GCC_OPTIMIZATION_LEVEL = 0;
				GCC_PREPROCESSOR_DEFINITIONS = (
					"DEBUG=1",
					"$(inherited)",
				);
				GCC_WARN_64_TO_32_BIT_CONVERSION = YES;
				GCC_WARN_ABOUT_RETURN_TYPE = YES_ERROR;
				GCC_WARN_UNDECLARED_SELECTOR = YES;
				GCC_WARN_UNINITIALIZED_AUTOS = YES_AGGRESSIVE;
				GCC_WARN_UNUSED_FUNCTION = YES;
				GCC_WARN_UNUSED_VARIABLE = YES;
				IPHONEOS_DEPLOYMENT_TARGET = 15.5;
				MTL_ENABLE_DEBUG_INFO = INCLUDE_SOURCE;
				MTL_FAST_MATH = YES;
				ONLY_ACTIVE_ARCH = YES;
				SDKROOT = iphoneos;
				SWIFT_ACTIVE_COMPILATION_CONDITIONS = DEBUG;
				SWIFT_OPTIMIZATION_LEVEL = "-Onone";
			};
			name = Debug;
		};
		FFF6C6CD289D1E100022C3FD /* Release */ = {
			isa = XCBuildConfiguration;
			buildSettings = {
				ALWAYS_SEARCH_USER_PATHS = NO;
				CLANG_ANALYZER_NONNULL = YES;
				CLANG_ANALYZER_NUMBER_OBJECT_CONVERSION = YES_AGGRESSIVE;
				CLANG_CXX_LANGUAGE_STANDARD = "gnu++17";
				CLANG_ENABLE_MODULES = YES;
				CLANG_ENABLE_OBJC_ARC = YES;
				CLANG_ENABLE_OBJC_WEAK = YES;
				CLANG_WARN_BLOCK_CAPTURE_AUTORELEASING = YES;
				CLANG_WARN_BOOL_CONVERSION = YES;
				CLANG_WARN_COMMA = YES;
				CLANG_WARN_CONSTANT_CONVERSION = YES;
				CLANG_WARN_DEPRECATED_OBJC_IMPLEMENTATIONS = YES;
				CLANG_WARN_DIRECT_OBJC_ISA_USAGE = YES_ERROR;
				CLANG_WARN_DOCUMENTATION_COMMENTS = YES;
				CLANG_WARN_EMPTY_BODY = YES;
				CLANG_WARN_ENUM_CONVERSION = YES;
				CLANG_WARN_INFINITE_RECURSION = YES;
				CLANG_WARN_INT_CONVERSION = YES;
				CLANG_WARN_NON_LITERAL_NULL_CONVERSION = YES;
				CLANG_WARN_OBJC_IMPLICIT_RETAIN_SELF = YES;
				CLANG_WARN_OBJC_LITERAL_CONVERSION = YES;
				CLANG_WARN_OBJC_ROOT_CLASS = YES_ERROR;
				CLANG_WARN_QUOTED_INCLUDE_IN_FRAMEWORK_HEADER = YES;
				CLANG_WARN_RANGE_LOOP_ANALYSIS = YES;
				CLANG_WARN_STRICT_PROTOTYPES = YES;
				CLANG_WARN_SUSPICIOUS_MOVE = YES;
				CLANG_WARN_UNGUARDED_AVAILABILITY = YES_AGGRESSIVE;
				CLANG_WARN_UNREACHABLE_CODE = YES;
				CLANG_WARN__DUPLICATE_METHOD_MATCH = YES;
				COPY_PHASE_STRIP = NO;
				DEBUG_INFORMATION_FORMAT = "dwarf-with-dsym";
				ENABLE_NS_ASSERTIONS = NO;
				ENABLE_STRICT_OBJC_MSGSEND = YES;
				GCC_C_LANGUAGE_STANDARD = gnu11;
				GCC_NO_COMMON_BLOCKS = YES;
				GCC_WARN_64_TO_32_BIT_CONVERSION = YES;
				GCC_WARN_ABOUT_RETURN_TYPE = YES_ERROR;
				GCC_WARN_UNDECLARED_SELECTOR = YES;
				GCC_WARN_UNINITIALIZED_AUTOS = YES_AGGRESSIVE;
				GCC_WARN_UNUSED_FUNCTION = YES;
				GCC_WARN_UNUSED_VARIABLE = YES;
				IPHONEOS_DEPLOYMENT_TARGET = 15.5;
				MTL_ENABLE_DEBUG_INFO = NO;
				MTL_FAST_MATH = YES;
				SDKROOT = iphoneos;
				SWIFT_COMPILATION_MODE = wholemodule;
				SWIFT_OPTIMIZATION_LEVEL = "-O";
				VALIDATE_PRODUCT = YES;
			};
			name = Release;
		};
		FFF6C6CF289D1E100022C3FD /* Debug */ = {
			isa = XCBuildConfiguration;
			buildSettings = {
				ASSETCATALOG_COMPILER_APPICON_NAME = AppIcon;
				ASSETCATALOG_COMPILER_GLOBAL_ACCENT_COLOR_NAME = AccentColor;
				CODE_SIGN_STYLE = Automatic;
				CURRENT_PROJECT_VERSION = 1;
				DEVELOPMENT_ASSET_PATHS = "\"Landmarks/Preview Content\"";
				DEVELOPMENT_TEAM = MCG95QBP8C;
				ENABLE_PREVIEWS = YES;
				GENERATE_INFOPLIST_FILE = YES;
				INFOPLIST_KEY_UIApplicationSceneManifest_Generation = YES;
				INFOPLIST_KEY_UIApplicationSupportsIndirectInputEvents = YES;
				INFOPLIST_KEY_UILaunchScreen_Generation = YES;
				INFOPLIST_KEY_UISupportedInterfaceOrientations_iPad = "UIInterfaceOrientationPortrait UIInterfaceOrientationPortraitUpsideDown UIInterfaceOrientationLandscapeLeft UIInterfaceOrientationLandscapeRight";
				INFOPLIST_KEY_UISupportedInterfaceOrientations_iPhone = "UIInterfaceOrientationPortrait UIInterfaceOrientationLandscapeLeft UIInterfaceOrientationLandscapeRight";
				LD_RUNPATH_SEARCH_PATHS = (
					"$(inherited)",
					"@executable_path/Frameworks",
				);
				MARKETING_VERSION = 1.0;
				PRODUCT_BUNDLE_IDENTIFIER = MK.Landmarks;
				PRODUCT_NAME = "$(TARGET_NAME)";
				SWIFT_EMIT_LOC_STRINGS = YES;
				SWIFT_VERSION = 5.0;
				TARGETED_DEVICE_FAMILY = "1,2";
			};
			name = Debug;
		};
		FFF6C6D0289D1E100022C3FD /* Release */ = {
			isa = XCBuildConfiguration;
			buildSettings = {
				ASSETCATALOG_COMPILER_APPICON_NAME = AppIcon;
				ASSETCATALOG_COMPILER_GLOBAL_ACCENT_COLOR_NAME = AccentColor;
				CODE_SIGN_STYLE = Automatic;
				CURRENT_PROJECT_VERSION = 1;
				DEVELOPMENT_ASSET_PATHS = "\"Landmarks/Preview Content\"";
				DEVELOPMENT_TEAM = MCG95QBP8C;
				ENABLE_PREVIEWS = YES;
				GENERATE_INFOPLIST_FILE = YES;
				INFOPLIST_KEY_UIApplicationSceneManifest_Generation = YES;
				INFOPLIST_KEY_UIApplicationSupportsIndirectInputEvents = YES;
				INFOPLIST_KEY_UILaunchScreen_Generation = YES;
				INFOPLIST_KEY_UISupportedInterfaceOrientations_iPad = "UIInterfaceOrientationPortrait UIInterfaceOrientationPortraitUpsideDown UIInterfaceOrientationLandscapeLeft UIInterfaceOrientationLandscapeRight";
				INFOPLIST_KEY_UISupportedInterfaceOrientations_iPhone = "UIInterfaceOrientationPortrait UIInterfaceOrientationLandscapeLeft UIInterfaceOrientationLandscapeRight";
				LD_RUNPATH_SEARCH_PATHS = (
					"$(inherited)",
					"@executable_path/Frameworks",
				);
				MARKETING_VERSION = 1.0;
				PRODUCT_BUNDLE_IDENTIFIER = MK.Landmarks;
				PRODUCT_NAME = "$(TARGET_NAME)";
				SWIFT_EMIT_LOC_STRINGS = YES;
				SWIFT_VERSION = 5.0;
				TARGETED_DEVICE_FAMILY = "1,2";
			};
			name = Release;
		};
/* End XCBuildConfiguration section */

/* Begin XCConfigurationList section */
		FFF6C6BB289D1E0E0022C3FD /* Build configuration list for PBXProject "Landmarks" */ = {
			isa = XCConfigurationList;
			buildConfigurations = (
				FFF6C6CC289D1E100022C3FD /* Debug */,
				FFF6C6CD289D1E100022C3FD /* Release */,
			);
			defaultConfigurationIsVisible = 0;
			defaultConfigurationName = Release;
		};
		FFF6C6CE289D1E100022C3FD /* Build configuration list for PBXNativeTarget "Landmarks" */ = {
			isa = XCConfigurationList;
			buildConfigurations = (
				FFF6C6CF289D1E100022C3FD /* Debug */,
				FFF6C6D0289D1E100022C3FD /* Release */,
			);
			defaultConfigurationIsVisible = 0;
			defaultConfigurationName = Release;
		};
/* End XCConfigurationList section */
	};
	rootObject = FFF6C6B8289D1E0D0022C3FD /* Project object */;
}
